{
  "name": "angular-postscribe",
  "version": "0.0.1",
  "lockfileVersion": 1,
  "requires": true,
  "dependencies": {
    "angular": {
      "version": "1.6.9",
      "resolved": "https://registry.npmjs.org/angular/-/angular-1.6.9.tgz",
      "integrity": "sha512-6igWH2GIsxV+J38wNWCh8oyjaZsrIPIDO35twloIUyjlF2Yit6UyLAWujHP05ma/LFxTsx4NtYibRoMNBXPR1A=="
    },
    "postscribe": {
      "version": "2.0.8",
      "resolved": "https://registry.npmjs.org/postscribe/-/postscribe-2.0.8.tgz",
      "integrity": "sha1-W3pTqtS2kLbC91gY/O/nRJD0ENU=",
      "requires": {
        "prescribe": "1.1.3"
      }
    },
    "prescribe": {
      "version": "1.1.3",
      "resolved": "https://registry.npmjs.org/prescribe/-/prescribe-1.1.3.tgz",
      "integrity": "sha1-jTEiRF8/uvTExYF+pSehf8gTnuY="
    }
  }
}
